// !$*UTF8*$!
{
	archiveVersion = 1;
	classes = {
	};
	objectVersion = 46;
	objects = {

/* Begin PBXBuildFile section */
		F637B73B1CB57B1C00E24D6E /* AppDelegate.swift in Sources */ = {isa = PBXBuildFile; fileRef = F637B73A1CB57B1C00E24D6E /* AppDelegate.swift */; };
		F637B73D1CB57B1C00E24D6E /* ViewController.swift in Sources */ = {isa = PBXBuildFile; fileRef = F637B73C1CB57B1C00E24D6E /* ViewController.swift */; };
		F637B7401CB57B1C00E24D6E /* Main.storyboard in Resources */ = {isa = PBXBuildFile; fileRef = F637B73E1CB57B1C00E24D6E /* Main.storyboard */; };
		F637B7421CB57B1C00E24D6E /* Assets.xcassets in Resources */ = {isa = PBXBuildFile; fileRef = F637B7411CB57B1C00E24D6E /* Assets.xcassets */; };
		F637B7451CB57B1C00E24D6E /* LaunchScreen.storyboard in Resources */ = {isa = PBXBuildFile; fileRef = F637B7431CB57B1C00E24D6E /* LaunchScreen.storyboard */; };
		F637B74D1CB692FE00E24D6E /* CoreLocation.framework in Frameworks */ = {isa = PBXBuildFile; fileRef = F637B74C1CB692FE00E24D6E /* CoreLocation.framework */; };
/* End PBXBuildFile section */

/* Begin PBXFileReference section */
		F637B7371CB57B1C00E24D6E /* myMapApp.app */ = {isa = PBXFileReference; explicitFileType = wrapper.application; includeInIndex = 0; path = myMapApp.app; sourceTree = BUILT_PRODUCTS_DIR; };
		F637B73A1CB57B1C00E24D6E /* AppDelegate.swift */ = {isa = PBXFileReference; lastKnownFileType = sourcecode.swift; path = AppDelegate.swift; sourceTree = "<group>"; };
		F637B73C1CB57B1C00E24D6E /* ViewController.swift */ = {isa = PBXFileReference; lastKnownFileType = sourcecode.swift; path = ViewController.swift; sourceTree = "<group>"; };
		F637B73F1CB57B1C00E24D6E /* Base */ = {isa = PBXFileReference; lastKnownFileType = file.storyboard; name = Base; path = Base.lproj/Main.storyboard; sourceTree = "<group>"; };
		F637B7411CB57B1C00E24D6E /* Assets.xcassets */ = {isa = PBXFileReference; lastKnownFileType = folder.assetcatalog; path = Assets.xcassets; sourceTree = "<group>"; };
		F637B7441CB57B1C00E24D6E /* Base */ = {isa = PBXFileReference; lastKnownFileType = file.storyboard; name = Base; path = Base.lproj/LaunchScreen.storyboard; sourceTree = "<group>"; };
		F637B7461CB57B1C00E24D6E /* Info.plist */ = {isa = PBXFileReference; lastKnownFileType = text.plist.xml; path = Info.plist; sourceTree = "<group>"; };
		F637B74C1CB692FE00E24D6E /* CoreLocation.framework */ = {isa = PBXFileReference; lastKnownFileType = wrapper.framework; name = CoreLocation.framework; path = System/Library/Frameworks/CoreLocation.framework; sourceTree = SDKROOT; };
/* End PBXFileReference section */

/* Begin PBXFrameworksBuildPhase section */
		F637B7341CB57B1C00E24D6E /* Frameworks */ = {
			isa = PBXFrameworksBuildPhase;
			buildActionMask = 2147483647;
			files = (
				F637B74D1CB692FE00E24D6E /* CoreLocation.framework in Frameworks */,
			);
			runOnlyForDeploymentPostprocessing = 0;
		};
/* End PBXFrameworksBuildPhase section */

/* Begin PBXGroup section */
		F637B72E1CB57B1C00E24D6E = {
			isa = PBXGroup;
			children = (
				F637B74C1CB692FE00E24D6E /* CoreLocation.framework */,
				F637B7391CB57B1C00E24D6E /* myMapApp */,
				F637B7381CB57B1C00E24D6E /* Products */,
			);
			sourceTree = "<group>";
		};
		F637B7381CB57B1C00E24D6E /* Products */ = {
			isa = PBXGroup;
			children = (
				F637B7371CB57B1C00E24D6E /* myMapApp.app */,
			);
			name = Products;
			sourceTree = "<group>";
		};
		F637B7391CB57B1C00E24D6E /* myMapApp */ = {
			isa = PBXGroup;
			children = (
				F637B73A1CB57B1C00E24D6E /* AppDelegate.swift */,
				F637B73C1CB57B1C00E24D6E /* ViewController.swift */,
				F637B73E1CB57B1C00E24D6E /* Main.storyboard */,
				F637B7411CB57B1C00E24D6E /* Assets.xcassets */,
				F637B7431CB57B1C00E24D6E /* LaunchScreen.storyboard */,
				F637B7461CB57B1C00E24D6E /* Info.plist */,
			);
			path = myMapApp;
			sourceTree = "<group>";
		};
/* End PBXGroup section */

/* Begin PBXNativeTarget section */
		F637B7361CB57B1C00E24D6E /* myMapApp */ = {
			isa = PBXNativeTarget;
			buildConfigurationList = F637B7491CB57B1C00E24D6E /* Build configuration list for PBXNativeTarget "myMapApp" */;
			buildPhases = (
				F637B7331CB57B1C00E24D6E /* Sources */,
				F637B7341CB57B1C00E24D6E /* Frameworks */,
				F637B7351CB57B1C00E24D6E /* Resources */,
			);
			buildRules = (
			);
			dependencies = (
			);
			name = myMapApp;
			productName = myMapApp;
			productReference = F637B7371CB57B1C00E24D6E /* myMapApp.app */;
			productType = "com.apple.product-type.application";
		};
/* End PBXNativeTarget section */

/* Begin PBXProject section */
		F637B72F1CB57B1C00E24D6E /* Project object */ = {
			isa = PBXProject;
			attributes = {
				LastSwiftUpdateCheck = 0730;
				LastUpgradeCheck = 0730;
				ORGANIZATIONNAME = "León Felipe Guevara Chávez";
				TargetAttributes = {
					F637B7361CB57B1C00E24D6E = {
						CreatedOnToolsVersion = 7.3;
					};
				};
			};
			buildConfigurationList = F637B7321CB57B1C00E24D6E /* Build configuration list for PBXProject "myMapApp" */;
			compatibilityVersion = "Xcode 3.2";
			developmentRegion = English;
			hasScannedForEncodings = 0;
			knownRegions = (
				en,
				Base,
			);
			mainGroup = F637B72E1CB57B1C00E24D6E;
			productRefGroup = F637B7381CB57B1C00E24D6E /* Products */;
			projectDirPath = "";
			projectRoot = "";
			targets = (
				F637B7361CB57B1C00E24D6E /* myMapApp */,
			);
		};
/* End PBXProject section */

/* Begin PBXResourcesBuildPhase section */
		F637B7351CB57B1C00E24D6E /* Resources */ = {
			isa = PBXResourcesBuildPhase;
			buildActionMask = 2147483647;
			files = (
				F637B7451CB57B1C00E24D6E /* LaunchScreen.storyboard in Resources */,
				F637B7421CB57B1C00E24D6E /* Assets.xcassets in Resources */,
				F637B7401CB57B1C00E24D6E /* Main.storyboard in Resources */,
			);
			runOnlyForDeploymentPostprocessing = 0;
		};
/* End PBXResourcesBuildPhase section */

/* Begin PBXSourcesBuildPhase section */
		F637B7331CB57B1C00E24D6E /* Sources */ = {
			isa = PBXSourcesBuildPhase;
			buildActionMask = 2147483647;
			files = (
				F637B73D1CB57B1C00E24D6E /* ViewController.swift in Sources */,
				F637B73B1CB57B1C00E24D6E /* AppDelegate.swift in Sources */,
			);
			runOnlyForDeploymentPostprocessing = 0;
		};
/* End PBXSourcesBuildPhase section */

/* Begin PBXVariantGroup section */
		F637B73E1CB57B1C00E24D6E /* Main.storyboard */ = {
			isa = PBXVariantGroup;
			children = (
				F637B73F1CB57B1C00E24D6E /* Base */,
			);
			name = Main.storyboard;
			sourceTree = "<group>";
		};
		F637B7431CB57B1C00E24D6E /* LaunchScreen.storyboard */ = {
			isa = PBXVariantGroup;
			children = (
				F637B7441CB57B1C00E24D6E /* Base */,
			);
			name = LaunchScreen.storyboard;
			sourceTree = "<group>";
		};
/* End PBXVariantGroup section */

/* Begin XCBuildConfiguration section */
		F637B7471CB57B1C00E24D6E /* Debug */ = {
			isa = XCBuildConfiguration;
			buildSettings = {
				ALWAYS_SEARCH_USER_PATHS = NO;
				CLANG_ANALYZER_NONNULL = YES;
				CLANG_CXX_LANGUAGE_STANDARD = "gnu++0x";
				CLANG_CXX_LIBRARY = "libc++";
				CLANG_ENABLE_MODULES = YES;
				CLANG_ENABLE_OBJC_ARC = YES;
				CLANG_WARN_BOOL_CONVERSION = YES;
				CLANG_WARN_CONSTANT_CONVERSION = YES;
				CLANG_WARN_DIRECT_OBJC_ISA_USAGE = YES_ERROR;
				CLANG_WARN_EMPTY_BODY = YES;
				CLANG_WARN_ENUM_CONVERSION = YES;
				CLANG_WARN_INT_CONVERSION = YES;
				CLANG_WARN_OBJC_ROOT_CLASS = YES_ERROR;
				CLANG_WARN_UNREACHABLE_CODE = YES;
				CLANG_WARN__DUPLICATE_METHOD_MATCH = YES;
				"CODE_SIGN_IDENTITY[sdk=iphoneos*]" = "iPhone Developer";
				COPY_PHASE_STRIP = NO;
				DEBUG_INFORMATION_FORMAT = dwarf;
				ENABLE_STRICT_OBJC_MSGSEND = YES;
				ENABLE_TESTABILITY = YES;
				GCC_C_LANGUAGE_STANDARD = gnu99;
				GCC_DYNAMIC_NO_PIC = NO;
				GCC_NO_COMMON_BLOCKS = YES;
				GCC_OPTIMIZATION_LEVEL = 0;
				GCC_PREPROCESSOR_DEFINITIONS = (
					"DEBUG=1",
					"$(inherited)",
				);
				GCC_WARN_64_TO_32_BIT_CONVERSION = YES;
				GCC_WARN_ABOUT_RETURN_TYPE = YES_ERROR;
				GCC_WARN_UNDECLARED_SELECTOR = YES;
				GCC_WARN_UNINITIALIZED_AUTOS = YES_AGGRESSIVE;
				GCC_WARN_UNUSED_FUNCTION = YES;
				GCC_WARN_UNUSED_VARIABLE = YES;
				IPHONEOS_DEPLOYMENT_TARGET = 9.3;
				MTL_ENABLE_DEBUG_INFO = YES;
				ONLY_ACTIVE_ARCH = YES;
				SDKROOT = iphoneos;
				SWIFT_OPTIMIZATION_LEVEL = "-Onone";
			};
			name = Debug;
		};
		F637B7481CB57B1C00E24D6E /* Release */ = {
			isa = XCBuildConfiguration;
			buildSettings = {
				ALWAYS_SEARCH_USER_PATHS = NO;
				CLANG_ANALYZER_NONNULL = YES;
				CLANG_CXX_LANGUAGE_STANDARD = "gnu++0x";
				CLANG_CXX_LIBRARY = "libc++";
				CLANG_ENABLE_MODULES = YES;
				CLANG_ENABLE_OBJC_ARC = YES;
				CLANG_WARN_BOOL_CONVERSION = YES;
				CLANG_WARN_CONSTANT_CONVERSION = YES;
				CLANG_WARN_DIRECT_OBJC_ISA_USAGE = YES_ERROR;
				CLANG_WARN_EMPTY_BODY = YES;
				CLANG_WARN_ENUM_CONVERSION = YES;
				CLANG_WARN_INT_CONVERSION = YES;
				CLANG_WARN_OBJC_ROOT_CLASS = YES_ERROR;
				CLANG_WARN_UNREACHABLE_CODE = YES;
				CLANG_WARN__DUPLICATE_METHOD_MATCH = YES;
				"CODE_SIGN_IDENTITY[sdk=iphoneos*]" = "iPhone Developer";
				COPY_PHASE_STRIP = NO;
				DEBUG_INFORMATION_FORMAT = "dwarf-with-dsym";
				ENABLE_NS_ASSERTIONS = NO;
				ENABLE_STRICT_OBJC_MSGSEND = YES;
				GCC_C_LANGUAGE_STANDARD = gnu99;
				GCC_NO_COMMON_BLOCKS = YES;
				GCC_WARN_64_TO_32_BIT_CONVERSION = YES;
				GCC_WARN_ABOUT_RETURN_TYPE = YES_ERROR;
				GCC_WARN_UNDECLARED_SELECTOR = YES;
				GCC_WARN_UNINITIALIZED_AUTOS = YES_AGGRESSIVE;
				GCC_WARN_UNUSED_FUNCTION = YES;
				GCC_WARN_UNUSED_VARIABLE = YES;
				IPHONEOS_DEPLOYMENT_TARGET = 9.3;
				MTL_ENABLE_DEBUG_INFO = NO;
				SDKROOT = iphoneos;
				VALIDATE_PRODUCT = YES;
			};
			name = Release;
		};
		F637B74A1CB57B1C00E24D6E /* Debug */ = {
			isa = XCBuildConfiguration;
			buildSettings = {
				ASSETCATALOG_COMPILER_APPICON_NAME = AppIcon;
				INFOPLIST_FILE = myMapApp/Info.plist;
				LD_RUNPATH_SEARCH_PATHS = "$(inherited) @executable_path/Frameworks";
				PRODUCT_BUNDLE_IDENTIFIER = com.leonguevara.myMapApp;
				PRODUCT_NAME = "$(TARGET_NAME)";
			};
			name = Debug;
		};
		F637B74B1CB57B1C00E24D6E /* Release */ = {
			isa = XCBuildConfiguration;
			buildSettings = {
				ASSETCATALOG_COMPILER_APPICON_NAME = AppIcon;
				INFOPLIST_FILE = myMapApp/Info.plist;
				LD_RUNPATH_SEARCH_PATHS = "$(inherited) @executable_path/Frameworks";
				PRODUCT_BUNDLE_IDENTIFIER = com.leonguevara.myMapApp;
				PRODUCT_NAME = "$(TARGET_NAME)";
			};
			name = Release;
		};
/* End XCBuildConfiguration section */

/* Begin XCConfigurationList section */
		F637B7321CB57B1C00E24D6E /* Build configuration list for PBXProject "myMapApp" */ = {
			isa = XCConfigurationList;
			buildConfigurations = (
				F637B7471CB57B1C00E24D6E /* Debug */,
				F637B7481CB57B1C00E24D6E /* Release */,
			);
			defaultConfigurationIsVisible = 0;
			defaultConfigurationName = Release;
		};
		F637B7491CB57B1C00E24D6E /* Build configuration list for PBXNativeTarget "myMapApp" */ = {
			isa = XCConfigurationList;
			buildConfigurations = (
				F637B74A1CB57B1C00E24D6E /* Debug */,
				F637B74B1CB57B1C00E24D6E /* Release */,
			);
			defaultConfigurationIsVisible = 0;
		};
/* End XCConfigurationList section */
	};
	rootObject = F637B72F1CB57B1C00E24D6E /* Project object */;
}
